
Microsoft Visual Studio Solution File, Format Version 12.00
# Visual Studio Version 16
VisualStudioVersion = 16.0.31019.35
MinimumVisualStudioVersion = 10.0.40219.1
Project("{888888A0-9F3D-457C-B088-3A5042F75D52}") = "FaceDetector", "FaceDetector\FaceDetector.pyproj", "{F8B9390F-A85F-40C9-AC29-09F94E45E6CF}"
EndProject
Global
	GlobalSection(SolutionConfigurationPlatforms) = preSolution
		Debug|Any CPU = Debug|Any CPU
		Release|Any CPU = Release|Any CPU
	EndGlobalSection
	GlobalSection(ProjectConfigurationPlatforms) = postSolution
		{F8B9390F-A85F-40C9-AC29-09F94E45E6CF}.Debug|Any CPU.ActiveCfg = Debug|Any CPU
		{F8B9390F-A85F-40C9-AC29-09F94E45E6CF}.Release|Any CPU.ActiveCfg = Release|Any CPU
	EndGlobalSection
	GlobalSection(SolutionProperties) = preSolution
		HideSolutionNode = FALSE
	EndGlobalSection
	GlobalSection(ExtensibilityGlobals) = postSolution
		SolutionGuid = {63173E75-2879-4CDC-931F-54065911C4EB}
	EndGlobalSection
EndGlobal
